
Microsoft Visual Studio Solution File, Format Version 12.00
# Visual Studio Version 17
VisualStudioVersion = 17.2.32616.157
MinimumVisualStudioVersion = 10.0.40219.1
Project("{FAE04EC0-301F-11D3-BF4B-00C04F79EFBC}") = "geecomAPI", "geecomAPI\geecomAPI.csproj", "{01224EEA-1887-4783-928C-B08E7E7DCBA3}"
EndProject
Global
	GlobalSection(SolutionConfigurationPlatforms) = preSolution
		Debug|Any CPU = Debug|Any CPU
		Release|Any CPU = Release|Any CPU
	EndGlobalSection
	GlobalSection(ProjectConfigurationPlatforms) = postSolution
		{01224EEA-1887-4783-928C-B08E7E7DCBA3}.Debug|Any CPU.ActiveCfg = Debug|Any CPU
		{01224EEA-1887-4783-928C-B08E7E7DCBA3}.Debug|Any CPU.Build.0 = Debug|Any CPU
		{01224EEA-1887-4783-928C-B08E7E7DCBA3}.Release|Any CPU.ActiveCfg = Release|Any CPU
		{01224EEA-1887-4783-928C-B08E7E7DCBA3}.Release|Any CPU.Build.0 = Release|Any CPU
	EndGlobalSection
	GlobalSection(SolutionProperties) = preSolution
		HideSolutionNode = FALSE
	EndGlobalSection
	GlobalSection(ExtensibilityGlobals) = postSolution
		SolutionGuid = {56A8AF73-8F2E-44F7-91ED-DFC737C1ADD3}
	EndGlobalSection
EndGlobal
